// !$*UTF8*$!
{
	archiveVersion = 1;
	classes = {
	};
	objectVersion = 46;
	objects = {

/* Begin PBXBuildFile section */
		292BD34C1BF46CD20013559E /* MKAnnotationView+WebCache.m in Sources */ = {isa = PBXBuildFile; fileRef = 292BD32C1BF46CD20013559E /* MKAnnotationView+WebCache.m */; };
		292BD34D1BF46CD20013559E /* NSData+ImageContentType.m in Sources */ = {isa = PBXBuildFile; fileRef = 292BD32E1BF46CD20013559E /* NSData+ImageContentType.m */; };
		292BD34E1BF46CD20013559E /* SDImageCache.m in Sources */ = {isa = PBXBuildFile; fileRef = 292BD3301BF46CD20013559E /* SDImageCache.m */; };
		292BD34F1BF46CD20013559E /* SDWebImageCompat.m in Sources */ = {isa = PBXBuildFile; fileRef = 292BD3321BF46CD20013559E /* SDWebImageCompat.m */; };
		292BD3501BF46CD20013559E /* SDWebImageDecoder.m in Sources */ = {isa = PBXBuildFile; fileRef = 292BD3341BF46CD20013559E /* SDWebImageDecoder.m */; };
		292BD3511BF46CD20013559E /* SDWebImageDownloader.m in Sources */ = {isa = PBXBuildFile; fileRef = 292BD3361BF46CD20013559E /* SDWebImageDownloader.m */; };
		292BD3521BF46CD20013559E /* SDWebImageDownloaderOperation.m in Sources */ = {isa = PBXBuildFile; fileRef = 292BD3381BF46CD20013559E /* SDWebImageDownloaderOperation.m */; };
		292BD3531BF46CD20013559E /* SDWebImageManager.m in Sources */ = {isa = PBXBuildFile; fileRef = 292BD33A1BF46CD20013559E /* SDWebImageManager.m */; };
		292BD3541BF46CD20013559E /* SDWebImagePrefetcher.m in Sources */ = {isa = PBXBuildFile; fileRef = 292BD33D1BF46CD20013559E /* SDWebImagePrefetcher.m */; };
		292BD3551BF46CD20013559E /* UIButton+WebCache.m in Sources */ = {isa = PBXBuildFile; fileRef = 292BD33F1BF46CD20013559E /* UIButton+WebCache.m */; };
		292BD3561BF46CD20013559E /* UIImage+GIF.m in Sources */ = {isa = PBXBuildFile; fileRef = 292BD3411BF46CD20013559E /* UIImage+GIF.m */; };
		292BD3571BF46CD20013559E /* UIImage+MultiFormat.m in Sources */ = {isa = PBXBuildFile; fileRef = 292BD3431BF46CD20013559E /* UIImage+MultiFormat.m */; };
		292BD3581BF46CD20013559E /* UIImage+WebP.m in Sources */ = {isa = PBXBuildFile; fileRef = 292BD3451BF46CD20013559E /* UIImage+WebP.m */; };
		292BD3591BF46CD20013559E /* UIImageView+HighlightedWebCache.m in Sources */ = {isa = PBXBuildFile; fileRef = 292BD3471BF46CD20013559E /* UIImageView+HighlightedWebCache.m */; };
		292BD35A1BF46CD20013559E /* UIImageView+WebCache.m in Sources */ = {isa = PBXBuildFile; fileRef = 292BD3491BF46CD20013559E /* UIImageView+WebCache.m */; };
		292BD35B1BF46CD20013559E /* UIView+WebCacheOperation.m in Sources */ = {isa = PBXBuildFile; fileRef = 292BD34B1BF46CD20013559E /* UIView+WebCacheOperation.m */; };
		299F6FF31BF2CF83009F228C /* AppDelegate.m in Sources */ = {isa = PBXBuildFile; fileRef = 299F6FDC1BF2CF82009F228C /* AppDelegate.m */; };
		299F6FF41BF2CF83009F228C /* Sign in Resources */ = {isa = PBXBuildFile; fileRef = 299F6FDF1BF2CF82009F228C /* Sign */; };
		299F6FF51BF2CF83009F228C /* Sign in Resources */ = {isa = PBXBuildFile; fileRef = 299F6FE11BF2CF82009F228C /* Sign */; };
		299F6FF61BF2CF83009F228C /* Sign in Resources */ = {isa = PBXBuildFile; fileRef = 299F6FE31BF2CF82009F228C /* Sign */; };
		299F6FF71BF2CF83009F228C /* Sign in Resources */ = {isa = PBXBuildFile; fileRef = 299F6FE51BF2CF82009F228C /* Sign */; };
		299F6FF81BF2CF83009F228C /* Sign in Resources */ = {isa = PBXBuildFile; fileRef = 299F6FE71BF2CF82009F228C /* Sign */; };
		299F6FF91BF2CF83009F228C /* Sign in Resources */ = {isa = PBXBuildFile; fileRef = 299F6FE91BF2CF82009F228C /* Sign */; };
		299F6FFA1BF2CF83009F228C /* Sign in Resources */ = {isa = PBXBuildFile; fileRef = 299F6FEB1BF2CF83009F228C /* Sign */; };
		299F6FFB1BF2CF83009F228C /* Sign in Resources */ = {isa = PBXBuildFile; fileRef = 299F6FEE1BF2CF83009F228C /* Sign */; };
		299F6FFC1BF2CF83009F228C /* Sign in Resources */ = {isa = PBXBuildFile; fileRef = 299F6FF01BF2CF83009F228C /* Sign */; };
		299F6FFD1BF2CF83009F228C /* Sign in Resources */ = {isa = PBXBuildFile; fileRef = 299F6FF21BF2CF83009F228C /* Sign */; };
		299F70001BF2E79D009F228C /* ComicSource.m in Sources */ = {isa = PBXBuildFile; fileRef = 299F6FFF1BF2E79D009F228C /* ComicSource.m */; };
		299F70031BF2E982009F228C /* ScrollingImage.m in Sources */ = {isa = PBXBuildFile; fileRef = 299F70021BF2E982009F228C /* ScrollingImage.m */; };
		299F70061BF2EBDA009F228C /* Comic.m in Sources */ = {isa = PBXBuildFile; fileRef = 299F70051BF2EBDA009F228C /* Comic.m */; };
		299F70091BF2EE40009F228C /* ComicDetail.m in Sources */ = {isa = PBXBuildFile; fileRef = 299F70081BF2EE40009F228C /* ComicDetail.m */; };
		299F700C1BF31BB0009F228C /* Chapter.m in Sources */ = {isa = PBXBuildFile; fileRef = 299F700B1BF31BB0009F228C /* Chapter.m */; };
		299F700F1BF31F98009F228C /* Content.m in Sources */ = {isa = PBXBuildFile; fileRef = 299F700E1BF31F98009F228C /* Content.m */; };
		299F70151BF321B5009F228C /* Categories.m in Sources */ = {isa = PBXBuildFile; fileRef = 299F70141BF321B5009F228C /* Categories.m */; };
		299F70181BF32340009F228C /* DataManager.m in Sources */ = {isa = PBXBuildFile; fileRef = 299F70171BF32340009F228C /* DataManager.m */; };
		299F70321BF32E32009F228C /* MJDictionaryCache.m in Sources */ = {isa = PBXBuildFile; fileRef = 299F701C1BF32E32009F228C /* MJDictionaryCache.m */; };
		299F70331BF32E32009F228C /* MJExtensionConst.m in Sources */ = {isa = PBXBuildFile; fileRef = 299F701F1BF32E32009F228C /* MJExtensionConst.m */; };
		299F70341BF32E32009F228C /* MJFoundation.m in Sources */ = {isa = PBXBuildFile; fileRef = 299F70211BF32E32009F228C /* MJFoundation.m */; };
		299F70351BF32E32009F228C /* MJProperty.m in Sources */ = {isa = PBXBuildFile; fileRef = 299F70231BF32E32009F228C /* MJProperty.m */; };
		299F70361BF32E32009F228C /* MJPropertyKey.m in Sources */ = {isa = PBXBuildFile; fileRef = 299F70251BF32E32009F228C /* MJPropertyKey.m */; };
		299F70371BF32E32009F228C /* MJPropertyType.m in Sources */ = {isa = PBXBuildFile; fileRef = 299F70271BF32E32009F228C /* MJPropertyType.m */; };
		299F70381BF32E32009F228C /* NSObject+MJClass.m in Sources */ = {isa = PBXBuildFile; fileRef = 299F70291BF32E32009F228C /* NSObject+MJClass.m */; };
		299F70391BF32E32009F228C /* NSObject+MJCoding.m in Sources */ = {isa = PBXBuildFile; fileRef = 299F702B1BF32E32009F228C /* NSObject+MJCoding.m */; };
		299F703A1BF32E32009F228C /* NSObject+MJKeyValue.m in Sources */ = {isa = PBXBuildFile; fileRef = 299F702D1BF32E32009F228C /* NSObject+MJKeyValue.m */; };
		299F703B1BF32E32009F228C /* NSObject+MJProperty.m in Sources */ = {isa = PBXBuildFile; fileRef = 299F702F1BF32E32009F228C /* NSObject+MJProperty.m */; };
		299F703C1BF32E32009F228C /* NSString+MJExtension.m in Sources */ = {isa = PBXBuildFile; fileRef = 299F70311BF32E32009F228C /* NSString+MJExtension.m */; };
		299F703F1BF3345D009F228C /* RootViewController.m in Sources */ = {isa = PBXBuildFile; fileRef = 299F703E1BF3345D009F228C /* RootViewController.m */; };
		299F70441BF3357C009F228C /* T1Storyboard.storyboard in Resources */ = {isa = PBXBuildFile; fileRef = 299F70431BF3357C009F228C /* T1Storyboard.storyboard */; };
		299F70461BF33587009F228C /* T2Storyboard.storyboard in Resources */ = {isa = PBXBuildFile; fileRef = 299F70451BF33587009F228C /* T2Storyboard.storyboard */; };
		299F704A1BF33595009F228C /* T4Storyboard.storyboard in Resources */ = {isa = PBXBuildFile; fileRef = 299F70491BF33595009F228C /* T4Storyboard.storyboard */; };
		29CD4DA91BF23EFD003EFA93 /* main.m in Sources */ = {isa = PBXBuildFile; fileRef = 29CD4DA81BF23EFD003EFA93 /* main.m */; };
		29CD4DB21BF23EFD003EFA93 /* Main.storyboard in Resources */ = {isa = PBXBuildFile; fileRef = 29CD4DB01BF23EFD003EFA93 /* Main.storyboard */; };
		29CD4DB41BF23EFD003EFA93 /* Assets.xcassets in Resources */ = {isa = PBXBuildFile; fileRef = 29CD4DB31BF23EFD003EFA93 /* Assets.xcassets */; };
		29CD4DB71BF23EFD003EFA93 /* LaunchScreen.storyboard in Resources */ = {isa = PBXBuildFile; fileRef = 29CD4DB51BF23EFD003EFA93 /* LaunchScreen.storyboard */; };
		29E98B261BF4B06C006F201B /* ZCCategory.storyboard in Resources */ = {isa = PBXBuildFile; fileRef = 29E98B251BF4B06C006F201B /* ZCCategory.storyboard */; };
		29E98B2C1BF4B13F006F201B /* ZCCategoryViewController.m in Sources */ = {isa = PBXBuildFile; fileRef = 29E98B2B1BF4B13F006F201B /* ZCCategoryViewController.m */; };
		29E98B301BF4B4B2006F201B /* ZCCategoryCollectionViewCell.m in Sources */ = {isa = PBXBuildFile; fileRef = 29E98B2E1BF4B4B2006F201B /* ZCCategoryCollectionViewCell.m */; };
		29E98B311BF4B4B2006F201B /* ZCCategoryCollectionViewCell.xib in Resources */ = {isa = PBXBuildFile; fileRef = 29E98B2F1BF4B4B2006F201B /* ZCCategoryCollectionViewCell.xib */; };
		C27043541BF3816B001F7CC1 /* image_1.jpg in Resources */ = {isa = PBXBuildFile; fileRef = C27043531BF3816B001F7CC1 /* image_1.jpg */; };
		C27043561BF3816E001F7CC1 /* arrow1.png in Resources */ = {isa = PBXBuildFile; fileRef = C27043551BF3816E001F7CC1 /* arrow1.png */; };
		C27043581BF38174001F7CC1 /* arrow.png in Resources */ = {isa = PBXBuildFile; fileRef = C27043571BF38174001F7CC1 /* arrow.png */; };
		C270435B1BF381A2001F7CC1 /* SSChapterViewController.m in Sources */ = {isa = PBXBuildFile; fileRef = C270435A1BF381A2001F7CC1 /* SSChapterViewController.m */; };
		C270435E1BF381AC001F7CC1 /* SSDetailTableViewController.m in Sources */ = {isa = PBXBuildFile; fileRef = C270435D1BF381AC001F7CC1 /* SSDetailTableViewController.m */; };
		C27043601BF381B6001F7CC1 /* SSDetail.storyboard in Resources */ = {isa = PBXBuildFile; fileRef = C270435F1BF381B6001F7CC1 /* SSDetail.storyboard */; };
		C27043631BF381CE001F7CC1 /* SSChapterTableViewCell.m in Sources */ = {isa = PBXBuildFile; fileRef = C27043621BF381CE001F7CC1 /* SSChapterTableViewCell.m */; };
		C27043651BF381D5001F7CC1 /* SSChapterTableViewCell.xib in Resources */ = {isa = PBXBuildFile; fileRef = C27043641BF381D5001F7CC1 /* SSChapterTableViewCell.xib */; };
		C27043681BF381ED001F7CC1 /* SSDetailTableViewCell.m in Sources */ = {isa = PBXBuildFile; fileRef = C27043671BF381ED001F7CC1 /* SSDetailTableViewCell.m */; };
		C270436A1BF381F2001F7CC1 /* SSDetailTableViewCell.xib in Resources */ = {isa = PBXBuildFile; fileRef = C27043691BF381F2001F7CC1 /* SSDetailTableViewCell.xib */; };
/* End PBXBuildFile section */

/* Begin PBXFileReference section */
		292BD32B1BF46CD20013559E /* MKAnnotationView+WebCache.h */ = {isa = PBXFileReference; fileEncoding = 4; lastKnownFileType = sourcecode.c.h; path = "MKAnnotationView+WebCache.h"; sourceTree = "<group>"; };
		292BD32C1BF46CD20013559E /* MKAnnotationView+WebCache.m */ = {isa = PBXFileReference; fileEncoding = 4; lastKnownFileType = sourcecode.c.objc; path = "MKAnnotationView+WebCache.m"; sourceTree = "<group>"; };
		292BD32D1BF46CD20013559E /* NSData+ImageContentType.h */ = {isa = PBXFileReference; fileEncoding = 4; lastKnownFileType = sourcecode.c.h; path = "NSData+ImageContentType.h"; sourceTree = "<group>"; };
		292BD32E1BF46CD20013559E /* NSData+ImageContentType.m */ = {isa = PBXFileReference; fileEncoding = 4; lastKnownFileType = sourcecode.c.objc; path = "NSData+ImageContentType.m"; sourceTree = "<group>"; };
		292BD32F1BF46CD20013559E /* SDImageCache.h */ = {isa = PBXFileReference; fileEncoding = 4; lastKnownFileType = sourcecode.c.h; path = SDImageCache.h; sourceTree = "<group>"; };
		292BD3301BF46CD20013559E /* SDImageCache.m */ = {isa = PBXFileReference; fileEncoding = 4; lastKnownFileType = sourcecode.c.objc; path = SDImageCache.m; sourceTree = "<group>"; };
		292BD3311BF46CD20013559E /* SDWebImageCompat.h */ = {isa = PBXFileReference; fileEncoding = 4; lastKnownFileType = sourcecode.c.h; path = SDWebImageCompat.h; sourceTree = "<group>"; };
		292BD3321BF46CD20013559E /* SDWebImageCompat.m */ = {isa = PBXFileReference; fileEncoding = 4; lastKnownFileType = sourcecode.c.objc; path = SDWebImageCompat.m; sourceTree = "<group>"; };
		292BD3331BF46CD20013559E /* SDWebImageDecoder.h */ = {isa = PBXFileReference; fileEncoding = 4; lastKnownFileType = sourcecode.c.h; path = SDWebImageDecoder.h; sourceTree = "<group>"; };
		292BD3341BF46CD20013559E /* SDWebImageDecoder.m */ = {isa = PBXFileReference; fileEncoding = 4; lastKnownFileType = sourcecode.c.objc; path = SDWebImageDecoder.m; sourceTree = "<group>"; };
		292BD3351BF46CD20013559E /* SDWebImageDownloader.h */ = {isa = PBXFileReference; fileEncoding = 4; lastKnownFileType = sourcecode.c.h; path = SDWebImageDownloader.h; sourceTree = "<group>"; };
		292BD3361BF46CD20013559E /* SDWebImageDownloader.m */ = {isa = PBXFileReference; fileEncoding = 4; lastKnownFileType = sourcecode.c.objc; path = SDWebImageDownloader.m; sourceTree = "<group>"; };
		292BD3371BF46CD20013559E /* SDWebImageDownloaderOperation.h */ = {isa = PBXFileReference; fileEncoding = 4; lastKnownFileType = sourcecode.c.h; path = SDWebImageDownloaderOperation.h; sourceTree = "<group>"; };
		292BD3381BF46CD20013559E /* SDWebImageDownloaderOperation.m */ = {isa = PBXFileReference; fileEncoding = 4; lastKnownFileType = sourcecode.c.objc; path = SDWebImageDownloaderOperation.m; sourceTree = "<group>"; };
		292BD3391BF46CD20013559E /* SDWebImageManager.h */ = {isa = PBXFileReference; fileEncoding = 4; lastKnownFileType = sourcecode.c.h; path = SDWebImageManager.h; sourceTree = "<group>"; };
		292BD33A1BF46CD20013559E /* SDWebImageManager.m */ = {isa = PBXFileReference; fileEncoding = 4; lastKnownFileType = sourcecode.c.objc; path = SDWebImageManager.m; sourceTree = "<group>"; };
		292BD33B1BF46CD20013559E /* SDWebImageOperation.h */ = {isa = PBXFileReference; fileEncoding = 4; lastKnownFileType = sourcecode.c.h; path = SDWebImageOperation.h; sourceTree = "<group>"; };
		292BD33C1BF46CD20013559E /* SDWebImagePrefetcher.h */ = {isa = PBXFileReference; fileEncoding = 4; lastKnownFileType = sourcecode.c.h; path = SDWebImagePrefetcher.h; sourceTree = "<group>"; };
		292BD33D1BF46CD20013559E /* SDWebImagePrefetcher.m */ = {isa = PBXFileReference; fileEncoding = 4; lastKnownFileType = sourcecode.c.objc; path = SDWebImagePrefetcher.m; sourceTree = "<group>"; };
		292BD33E1BF46CD20013559E /* UIButton+WebCache.h */ = {isa = PBXFileReference; fileEncoding = 4; lastKnownFileType = sourcecode.c.h; path = "UIButton+WebCache.h"; sourceTree = "<group>"; };
		292BD33F1BF46CD20013559E /* UIButton+WebCache.m */ = {isa = PBXFileReference; fileEncoding = 4; lastKnownFileType = sourcecode.c.objc; path = "UIButton+WebCache.m"; sourceTree = "<group>"; };
		292BD3401BF46CD20013559E /* UIImage+GIF.h */ = {isa = PBXFileReference; fileEncoding = 4; lastKnownFileType = sourcecode.c.h; path = "UIImage+GIF.h"; sourceTree = "<group>"; };
		292BD3411BF46CD20013559E /* UIImage+GIF.m */ = {isa = PBXFileReference; fileEncoding = 4; lastKnownFileType = sourcecode.c.objc; path = "UIImage+GIF.m"; sourceTree = "<group>"; };
		292BD3421BF46CD20013559E /* UIImage+MultiFormat.h */ = {isa = PBXFileReference; fileEncoding = 4; lastKnownFileType = sourcecode.c.h; path = "UIImage+MultiFormat.h"; sourceTree = "<group>"; };
		292BD3431BF46CD20013559E /* UIImage+MultiFormat.m */ = {isa = PBXFileReference; fileEncoding = 4; lastKnownFileType = sourcecode.c.objc; path = "UIImage+MultiFormat.m"; sourceTree = "<group>"; };
		292BD3441BF46CD20013559E /* UIImage+WebP.h */ = {isa = PBXFileReference; fileEncoding = 4; lastKnownFileType = sourcecode.c.h; path = "UIImage+WebP.h"; sourceTree = "<group>"; };
		292BD3451BF46CD20013559E /* UIImage+WebP.m */ = {isa = PBXFileReference; fileEncoding = 4; lastKnownFileType = sourcecode.c.objc; path = "UIImage+WebP.m"; sourceTree = "<group>"; };
		292BD3461BF46CD20013559E /* UIImageView+HighlightedWebCache.h */ = {isa = PBXFileReference; fileEncoding = 4; lastKnownFileType = sourcecode.c.h; path = "UIImageView+HighlightedWebCache.h"; sourceTree = "<group>"; };
		292BD3471BF46CD20013559E /* UIImageView+HighlightedWebCache.m */ = {isa = PBXFileReference; fileEncoding = 4; lastKnownFileType = sourcecode.c.objc; path = "UIImageView+HighlightedWebCache.m"; sourceTree = "<group>"; };
		292BD3481BF46CD20013559E /* UIImageView+WebCache.h */ = {isa = PBXFileReference; fileEncoding = 4; lastKnownFileType = sourcecode.c.h; path = "UIImageView+WebCache.h"; sourceTree = "<group>"; };
		292BD3491BF46CD20013559E /* UIImageView+WebCache.m */ = {isa = PBXFileReference; fileEncoding = 4; lastKnownFileType = sourcecode.c.objc; path = "UIImageView+WebCache.m"; sourceTree = "<group>"; };
		292BD34A1BF46CD20013559E /* UIView+WebCacheOperation.h */ = {isa = PBXFileReference; fileEncoding = 4; lastKnownFileType = sourcecode.c.h; path = "UIView+WebCacheOperation.h"; sourceTree = "<group>"; };
		292BD34B1BF46CD20013559E /* UIView+WebCacheOperation.m */ = {isa = PBXFileReference; fileEncoding = 4; lastKnownFileType = sourcecode.c.objc; path = "UIView+WebCacheOperation.m"; sourceTree = "<group>"; };
		299F6FDB1BF2CF82009F228C /* AppDelegate.h */ = {isa = PBXFileReference; fileEncoding = 4; lastKnownFileType = sourcecode.c.h; path = AppDelegate.h; sourceTree = "<group>"; };
		299F6FDC1BF2CF82009F228C /* AppDelegate.m */ = {isa = PBXFileReference; fileEncoding = 4; lastKnownFileType = sourcecode.c.objc; path = AppDelegate.m; sourceTree = "<group>"; };
		299F6FDF1BF2CF82009F228C /* Sign */ = {isa = PBXFileReference; fileEncoding = 4; lastKnownFileType = text; path = Sign; sourceTree = "<group>"; };
		299F6FE11BF2CF82009F228C /* Sign */ = {isa = PBXFileReference; fileEncoding = 4; lastKnownFileType = text; path = Sign; sourceTree = "<group>"; };
		299F6FE31BF2CF82009F228C /* Sign */ = {isa = PBXFileReference; fileEncoding = 4; lastKnownFileType = text; path = Sign; sourceTree = "<group>"; };
		299F6FE51BF2CF82009F228C /* Sign */ = {isa = PBXFileReference; fileEncoding = 4; lastKnownFileType = text; path = Sign; sourceTree = "<group>"; };
		299F6FE71BF2CF82009F228C /* Sign */ = {isa = PBXFileReference; fileEncoding = 4; lastKnownFileType = text; path = Sign; sourceTree = "<group>"; };
		299F6FE91BF2CF82009F228C /* Sign */ = {isa = PBXFileReference; fileEncoding = 4; lastKnownFileType = text; path = Sign; sourceTree = "<group>"; };
		299F6FEB1BF2CF83009F228C /* Sign */ = {isa = PBXFileReference; fileEncoding = 4; lastKnownFileType = text; path = Sign; sourceTree = "<group>"; };
		299F6FEE1BF2CF83009F228C /* Sign */ = {isa = PBXFileReference; fileEncoding = 4; lastKnownFileType = text; path = Sign; sourceTree = "<group>"; };
		299F6FF01BF2CF83009F228C /* Sign */ = {isa = PBXFileReference; fileEncoding = 4; lastKnownFileType = text; path = Sign; sourceTree = "<group>"; };
		299F6FF21BF2CF83009F228C /* Sign */ = {isa = PBXFileReference; fileEncoding = 4; lastKnownFileType = text; path = Sign; sourceTree = "<group>"; };
		299F6FFE1BF2E79D009F228C /* ComicSource.h */ = {isa = PBXFileReference; fileEncoding = 4; lastKnownFileType = sourcecode.c.h; path = ComicSource.h; sourceTree = "<group>"; };
		299F6FFF1BF2E79D009F228C /* ComicSource.m */ = {isa = PBXFileReference; fileEncoding = 4; lastKnownFileType = sourcecode.c.objc; path = ComicSource.m; sourceTree = "<group>"; };
		299F70011BF2E982009F228C /* ScrollingImage.h */ = {isa = PBXFileReference; fileEncoding = 4; lastKnownFileType = sourcecode.c.h; path = ScrollingImage.h; sourceTree = "<group>"; };
		299F70021BF2E982009F228C /* ScrollingImage.m */ = {isa = PBXFileReference; fileEncoding = 4; lastKnownFileType = sourcecode.c.objc; path = ScrollingImage.m; sourceTree = "<group>"; };
		299F70041BF2EBDA009F228C /* Comic.h */ = {isa = PBXFileReference; fileEncoding = 4; lastKnownFileType = sourcecode.c.h; path = Comic.h; sourceTree = "<group>"; };
		299F70051BF2EBDA009F228C /* Comic.m */ = {isa = PBXFileReference; fileEncoding = 4; lastKnownFileType = sourcecode.c.objc; path = Comic.m; sourceTree = "<group>"; };
		299F70071BF2EE40009F228C /* ComicDetail.h */ = {isa = PBXFileReference; fileEncoding = 4; lastKnownFileType = sourcecode.c.h; path = ComicDetail.h; sourceTree = "<group>"; };
		299F70081BF2EE40009F228C /* ComicDetail.m */ = {isa = PBXFileReference; fileEncoding = 4; lastKnownFileType = sourcecode.c.objc; path = ComicDetail.m; sourceTree = "<group>"; };
		299F700A1BF31BB0009F228C /* Chapter.h */ = {isa = PBXFileReference; fileEncoding = 4; lastKnownFileType = sourcecode.c.h; path = Chapter.h; sourceTree = "<group>"; };
		299F700B1BF31BB0009F228C /* Chapter.m */ = {isa = PBXFileReference; fileEncoding = 4; lastKnownFileType = sourcecode.c.objc; path = Chapter.m; sourceTree = "<group>"; };
		299F700D1BF31F98009F228C /* Content.h */ = {isa = PBXFileReference; fileEncoding = 4; lastKnownFileType = sourcecode.c.h; path = Content.h; sourceTree = "<group>"; };
		299F700E1BF31F98009F228C /* Content.m */ = {isa = PBXFileReference; fileEncoding = 4; lastKnownFileType = sourcecode.c.objc; path = Content.m; sourceTree = "<group>"; };
		299F70131BF321B5009F228C /* Categories.h */ = {isa = PBXFileReference; fileEncoding = 4; lastKnownFileType = sourcecode.c.h; path = Categories.h; sourceTree = "<group>"; };
		299F70141BF321B5009F228C /* Categories.m */ = {isa = PBXFileReference; fileEncoding = 4; lastKnownFileType = sourcecode.c.objc; path = Categories.m; sourceTree = "<group>"; };
		299F70161BF32340009F228C /* DataManager.h */ = {isa = PBXFileReference; fileEncoding = 4; lastKnownFileType = sourcecode.c.h; path = DataManager.h; sourceTree = "<group>"; };
		299F70171BF32340009F228C /* DataManager.m */ = {isa = PBXFileReference; fileEncoding = 4; lastKnownFileType = sourcecode.c.objc; path = DataManager.m; sourceTree = "<group>"; };
		299F70191BF32697009F228C /* URLs.h */ = {isa = PBXFileReference; fileEncoding = 4; lastKnownFileType = sourcecode.c.h; path = URLs.h; sourceTree = "<group>"; };
		299F701B1BF32E32009F228C /* MJDictionaryCache.h */ = {isa = PBXFileReference; fileEncoding = 4; lastKnownFileType = sourcecode.c.h; path = MJDictionaryCache.h; sourceTree = "<group>"; };
		299F701C1BF32E32009F228C /* MJDictionaryCache.m */ = {isa = PBXFileReference; fileEncoding = 4; lastKnownFileType = sourcecode.c.objc; path = MJDictionaryCache.m; sourceTree = "<group>"; };
		299F701D1BF32E32009F228C /* MJExtension.h */ = {isa = PBXFileReference; fileEncoding = 4; lastKnownFileType = sourcecode.c.h; path = MJExtension.h; sourceTree = "<group>"; };
		299F701E1BF32E32009F228C /* MJExtensionConst.h */ = {isa = PBXFileReference; fileEncoding = 4; lastKnownFileType = sourcecode.c.h; path = MJExtensionConst.h; sourceTree = "<group>"; };
		299F701F1BF32E32009F228C /* MJExtensionConst.m */ = {isa = PBXFileReference; fileEncoding = 4; lastKnownFileType = sourcecode.c.objc; path = MJExtensionConst.m; sourceTree = "<group>"; };
		299F70201BF32E32009F228C /* MJFoundation.h */ = {isa = PBXFileReference; fileEncoding = 4; lastKnownFileType = sourcecode.c.h; path = MJFoundation.h; sourceTree = "<group>"; };
		299F70211BF32E32009F228C /* MJFoundation.m */ = {isa = PBXFileReference; fileEncoding = 4; lastKnownFileType = sourcecode.c.objc; path = MJFoundation.m; sourceTree = "<group>"; };
		299F70221BF32E32009F228C /* MJProperty.h */ = {isa = PBXFileReference; fileEncoding = 4; lastKnownFileType = sourcecode.c.h; path = MJProperty.h; sourceTree = "<group>"; };
		299F70231BF32E32009F228C /* MJProperty.m */ = {isa = PBXFileReference; fileEncoding = 4; lastKnownFileType = sourcecode.c.objc; path = MJProperty.m; sourceTree = "<group>"; };
		299F70241BF32E32009F228C /* MJPropertyKey.h */ = {isa = PBXFileReference; fileEncoding = 4; lastKnownFileType = sourcecode.c.h; path = MJPropertyKey.h; sourceTree = "<group>"; };
		299F70251BF32E32009F228C /* MJPropertyKey.m */ = {isa = PBXFileReference; fileEncoding = 4; lastKnownFileType = sourcecode.c.objc; path = MJPropertyKey.m; sourceTree = "<group>"; };
		299F70261BF32E32009F228C /* MJPropertyType.h */ = {isa = PBXFileReference; fileEncoding = 4; lastKnownFileType = sourcecode.c.h; path = MJPropertyType.h; sourceTree = "<group>"; };
		299F70271BF32E32009F228C /* MJPropertyType.m */ = {isa = PBXFileReference; fileEncoding = 4; lastKnownFileType = sourcecode.c.objc; path = MJPropertyType.m; sourceTree = "<group>"; };
		299F70281BF32E32009F228C /* NSObject+MJClass.h */ = {isa = PBXFileReference; fileEncoding = 4; lastKnownFileType = sourcecode.c.h; path = "NSObject+MJClass.h"; sourceTree = "<group>"; };
		299F70291BF32E32009F228C /* NSObject+MJClass.m */ = {isa = PBXFileReference; fileEncoding = 4; lastKnownFileType = sourcecode.c.objc; path = "NSObject+MJClass.m"; sourceTree = "<group>"; };
		299F702A1BF32E32009F228C /* NSObject+MJCoding.h */ = {isa = PBXFileReference; fileEncoding = 4; lastKnownFileType = sourcecode.c.h; path = "NSObject+MJCoding.h"; sourceTree = "<group>"; };
		299F702B1BF32E32009F228C /* NSObject+MJCoding.m */ = {isa = PBXFileReference; fileEncoding = 4; lastKnownFileType = sourcecode.c.objc; path = "NSObject+MJCoding.m"; sourceTree = "<group>"; };
		299F702C1BF32E32009F228C /* NSObject+MJKeyValue.h */ = {isa = PBXFileReference; fileEncoding = 4; lastKnownFileType = sourcecode.c.h; path = "NSObject+MJKeyValue.h"; sourceTree = "<group>"; };
		299F702D1BF32E32009F228C /* NSObject+MJKeyValue.m */ = {isa = PBXFileReference; fileEncoding = 4; lastKnownFileType = sourcecode.c.objc; path = "NSObject+MJKeyValue.m"; sourceTree = "<group>"; };
		299F702E1BF32E32009F228C /* NSObject+MJProperty.h */ = {isa = PBXFileReference; fileEncoding = 4; lastKnownFileType = sourcecode.c.h; path = "NSObject+MJProperty.h"; sourceTree = "<group>"; };
		299F702F1BF32E32009F228C /* NSObject+MJProperty.m */ = {isa = PBXFileReference; fileEncoding = 4; lastKnownFileType = sourcecode.c.objc; path = "NSObject+MJProperty.m"; sourceTree = "<group>"; };
		299F70301BF32E32009F228C /* NSString+MJExtension.h */ = {isa = PBXFileReference; fileEncoding = 4; lastKnownFileType = sourcecode.c.h; path = "NSString+MJExtension.h"; sourceTree = "<group>"; };
		299F70311BF32E32009F228C /* NSString+MJExtension.m */ = {isa = PBXFileReference; fileEncoding = 4; lastKnownFileType = sourcecode.c.objc; path = "NSString+MJExtension.m"; sourceTree = "<group>"; };
		299F703D1BF3345D009F228C /* RootViewController.h */ = {isa = PBXFileReference; fileEncoding = 4; lastKnownFileType = sourcecode.c.h; path = RootViewController.h; sourceTree = "<group>"; };
		299F703E1BF3345D009F228C /* RootViewController.m */ = {isa = PBXFileReference; fileEncoding = 4; lastKnownFileType = sourcecode.c.objc; path = RootViewController.m; sourceTree = "<group>"; };
		299F70431BF3357C009F228C /* T1Storyboard.storyboard */ = {isa = PBXFileReference; fileEncoding = 4; lastKnownFileType = file.storyboard; path = T1Storyboard.storyboard; sourceTree = "<group>"; };
		299F70451BF33587009F228C /* T2Storyboard.storyboard */ = {isa = PBXFileReference; fileEncoding = 4; lastKnownFileType = file.storyboard; path = T2Storyboard.storyboard; sourceTree = "<group>"; };
		299F70491BF33595009F228C /* T4Storyboard.storyboard */ = {isa = PBXFileReference; fileEncoding = 4; lastKnownFileType = file.storyboard; path = T4Storyboard.storyboard; sourceTree = "<group>"; };
		29CD4DA41BF23EFD003EFA93 /* JellyComic.app */ = {isa = PBXFileReference; explicitFileType = wrapper.application; includeInIndex = 0; path = JellyComic.app; sourceTree = BUILT_PRODUCTS_DIR; };
		29CD4DA81BF23EFD003EFA93 /* main.m */ = {isa = PBXFileReference; lastKnownFileType = sourcecode.c.objc; path = main.m; sourceTree = "<group>"; };
		29CD4DB11BF23EFD003EFA93 /* Base */ = {isa = PBXFileReference; lastKnownFileType = file.storyboard; name = Base; path = Base.lproj/Main.storyboard; sourceTree = "<group>"; };
		29CD4DB31BF23EFD003EFA93 /* Assets.xcassets */ = {isa = PBXFileReference; lastKnownFileType = folder.assetcatalog; path = Assets.xcassets; sourceTree = "<group>"; };
		29CD4DB61BF23EFD003EFA93 /* Base */ = {isa = PBXFileReference; lastKnownFileType = file.storyboard; name = Base; path = Base.lproj/LaunchScreen.storyboard; sourceTree = "<group>"; };
		29CD4DB81BF23EFD003EFA93 /* Info.plist */ = {isa = PBXFileReference; lastKnownFileType = text.plist.xml; path = Info.plist; sourceTree = "<group>"; };
		29E98B251BF4B06C006F201B /* ZCCategory.storyboard */ = {isa = PBXFileReference; fileEncoding = 4; lastKnownFileType = file.storyboard; path = ZCCategory.storyboard; sourceTree = "<group>"; };
		29E98B2A1BF4B13F006F201B /* ZCCategoryViewController.h */ = {isa = PBXFileReference; fileEncoding = 4; lastKnownFileType = sourcecode.c.h; path = ZCCategoryViewController.h; sourceTree = "<group>"; };
		29E98B2B1BF4B13F006F201B /* ZCCategoryViewController.m */ = {isa = PBXFileReference; fileEncoding = 4; lastKnownFileType = sourcecode.c.objc; path = ZCCategoryViewController.m; sourceTree = "<group>"; };
		29E98B2D1BF4B4B2006F201B /* ZCCategoryCollectionViewCell.h */ = {isa = PBXFileReference; fileEncoding = 4; lastKnownFileType = sourcecode.c.h; path = ZCCategoryCollectionViewCell.h; sourceTree = "<group>"; };
		29E98B2E1BF4B4B2006F201B /* ZCCategoryCollectionViewCell.m */ = {isa = PBXFileReference; fileEncoding = 4; lastKnownFileType = sourcecode.c.objc; path = ZCCategoryCollectionViewCell.m; sourceTree = "<group>"; };
		29E98B2F1BF4B4B2006F201B /* ZCCategoryCollectionViewCell.xib */ = {isa = PBXFileReference; fileEncoding = 4; lastKnownFileType = file.xib; path = ZCCategoryCollectionViewCell.xib; sourceTree = "<group>"; };
		C27043531BF3816B001F7CC1 /* image_1.jpg */ = {isa = PBXFileReference; lastKnownFileType = image.jpeg; path = image_1.jpg; sourceTree = "<group>"; };
		C27043551BF3816E001F7CC1 /* arrow1.png */ = {isa = PBXFileReference; lastKnownFileType = image.png; path = arrow1.png; sourceTree = "<group>"; };
		C27043571BF38174001F7CC1 /* arrow.png */ = {isa = PBXFileReference; lastKnownFileType = image.png; path = arrow.png; sourceTree = "<group>"; };
		C27043591BF38197001F7CC1 /* SSChapterViewController.h */ = {isa = PBXFileReference; fileEncoding = 4; lastKnownFileType = sourcecode.c.h; path = SSChapterViewController.h; sourceTree = "<group>"; };
		C270435A1BF381A2001F7CC1 /* SSChapterViewController.m */ = {isa = PBXFileReference; fileEncoding = 4; lastKnownFileType = sourcecode.c.objc; path = SSChapterViewController.m; sourceTree = "<group>"; };
		C270435C1BF381A8001F7CC1 /* SSDetailTableViewController.h */ = {isa = PBXFileReference; fileEncoding = 4; lastKnownFileType = sourcecode.c.h; path = SSDetailTableViewController.h; sourceTree = "<group>"; };
		C270435D1BF381AC001F7CC1 /* SSDetailTableViewController.m */ = {isa = PBXFileReference; fileEncoding = 4; lastKnownFileType = sourcecode.c.objc; path = SSDetailTableViewController.m; sourceTree = "<group>"; };
		C270435F1BF381B6001F7CC1 /* SSDetail.storyboard */ = {isa = PBXFileReference; fileEncoding = 4; lastKnownFileType = file.storyboard; path = SSDetail.storyboard; sourceTree = "<group>"; };
		C27043611BF381C9001F7CC1 /* SSChapterTableViewCell.h */ = {isa = PBXFileReference; fileEncoding = 4; lastKnownFileType = sourcecode.c.h; path = SSChapterTableViewCell.h; sourceTree = "<group>"; };
		C27043621BF381CE001F7CC1 /* SSChapterTableViewCell.m */ = {isa = PBXFileReference; fileEncoding = 4; lastKnownFileType = sourcecode.c.objc; path = SSChapterTableViewCell.m; sourceTree = "<group>"; };
		C27043641BF381D5001F7CC1 /* SSChapterTableViewCell.xib */ = {isa = PBXFileReference; fileEncoding = 4; lastKnownFileType = file.xib; path = SSChapterTableViewCell.xib; sourceTree = "<group>"; };
		C27043661BF381E4001F7CC1 /* SSDetailTableViewCell.h */ = {isa = PBXFileReference; fileEncoding = 4; lastKnownFileType = sourcecode.c.h; path = SSDetailTableViewCell.h; sourceTree = "<group>"; };
		C27043671BF381ED001F7CC1 /* SSDetailTableViewCell.m */ = {isa = PBXFileReference; fileEncoding = 4; lastKnownFileType = sourcecode.c.objc; path = SSDetailTableViewCell.m; sourceTree = "<group>"; };
		C27043691BF381F2001F7CC1 /* SSDetailTableViewCell.xib */ = {isa = PBXFileReference; fileEncoding = 4; lastKnownFileType = file.xib; path = SSDetailTableViewCell.xib; sourceTree = "<group>"; };
/* End PBXFileReference section */

/* Begin PBXFrameworksBuildPhase section */
		29CD4DA11BF23EFD003EFA93 /* Frameworks */ = {
			isa = PBXFrameworksBuildPhase;
			buildActionMask = 2147483647;
			files = (
			);
			runOnlyForDeploymentPostprocessing = 0;
		};
/* End PBXFrameworksBuildPhase section */

/* Begin PBXGroup section */
		292BD32A1BF46CD20013559E /* SDWebImage */ = {
			isa = PBXGroup;
			children = (
				292BD32B1BF46CD20013559E /* MKAnnotationView+WebCache.h */,
				292BD32C1BF46CD20013559E /* MKAnnotationView+WebCache.m */,
				292BD32D1BF46CD20013559E /* NSData+ImageContentType.h */,
				292BD32E1BF46CD20013559E /* NSData+ImageContentType.m */,
				292BD32F1BF46CD20013559E /* SDImageCache.h */,
				292BD3301BF46CD20013559E /* SDImageCache.m */,
				292BD3311BF46CD20013559E /* SDWebImageCompat.h */,
				292BD3321BF46CD20013559E /* SDWebImageCompat.m */,
				292BD3331BF46CD20013559E /* SDWebImageDecoder.h */,
				292BD3341BF46CD20013559E /* SDWebImageDecoder.m */,
				292BD3351BF46CD20013559E /* SDWebImageDownloader.h */,
				292BD3361BF46CD20013559E /* SDWebImageDownloader.m */,
				292BD3371BF46CD20013559E /* SDWebImageDownloaderOperation.h */,
				292BD3381BF46CD20013559E /* SDWebImageDownloaderOperation.m */,
				292BD3391BF46CD20013559E /* SDWebImageManager.h */,
				292BD33A1BF46CD20013559E /* SDWebImageManager.m */,
				292BD33B1BF46CD20013559E /* SDWebImageOperation.h */,
				292BD33C1BF46CD20013559E /* SDWebImagePrefetcher.h */,
				292BD33D1BF46CD20013559E /* SDWebImagePrefetcher.m */,
				292BD33E1BF46CD20013559E /* UIButton+WebCache.h */,
				292BD33F1BF46CD20013559E /* UIButton+WebCache.m */,
				292BD3401BF46CD20013559E /* UIImage+GIF.h */,
				292BD3411BF46CD20013559E /* UIImage+GIF.m */,
				292BD3421BF46CD20013559E /* UIImage+MultiFormat.h */,
				292BD3431BF46CD20013559E /* UIImage+MultiFormat.m */,
				292BD3441BF46CD20013559E /* UIImage+WebP.h */,
				292BD3451BF46CD20013559E /* UIImage+WebP.m */,
				292BD3461BF46CD20013559E /* UIImageView+HighlightedWebCache.h */,
				292BD3471BF46CD20013559E /* UIImageView+HighlightedWebCache.m */,
				292BD3481BF46CD20013559E /* UIImageView+WebCache.h */,
				292BD3491BF46CD20013559E /* UIImageView+WebCache.m */,
				292BD34A1BF46CD20013559E /* UIView+WebCacheOperation.h */,
				292BD34B1BF46CD20013559E /* UIView+WebCacheOperation.m */,
			);
			path = SDWebImage;
			sourceTree = "<group>";
		};
		299F6FD91BF2CF82009F228C /* Classes */ = {
			isa = PBXGroup;
			children = (
				299F6FDA1BF2CF82009F228C /* AppDelegate */,
				299F6FDD1BF2CF82009F228C /* General */,
				299F6FE41BF2CF82009F228C /* Helpers */,
				299F6FE61BF2CF82009F228C /* Macro */,
				299F6FE81BF2CF82009F228C /* Models */,
				299F6FEA1BF2CF82009F228C /* Resources */,
				299F6FEC1BF2CF83009F228C /* Scenes */,
				299F6FF11BF2CF83009F228C /* Vendors */,
			);
			path = Classes;
			sourceTree = "<group>";
		};
		299F6FDA1BF2CF82009F228C /* AppDelegate */ = {
			isa = PBXGroup;
			children = (
				299F6FDB1BF2CF82009F228C /* AppDelegate.h */,
				299F6FDC1BF2CF82009F228C /* AppDelegate.m */,
			);
			path = AppDelegate;
			sourceTree = "<group>";
		};
		299F6FDD1BF2CF82009F228C /* General */ = {
			isa = PBXGroup;
			children = (
				299F6FDE1BF2CF82009F228C /* Categories */,
				299F6FE01BF2CF82009F228C /* ViewControllers */,
				299F6FE21BF2CF82009F228C /* Views */,
			);
			path = General;
			sourceTree = "<group>";
		};
		299F6FDE1BF2CF82009F228C /* Categories */ = {
			isa = PBXGroup;
			children = (
				299F6FDF1BF2CF82009F228C /* Sign */,
			);
			path = Categories;
			sourceTree = "<group>";
		};
		299F6FE01BF2CF82009F228C /* ViewControllers */ = {
			isa = PBXGroup;
			children = (
				299F6FE11BF2CF82009F228C /* Sign */,
			);
			path = ViewControllers;
			sourceTree = "<group>";
		};
		299F6FE21BF2CF82009F228C /* Views */ = {
			isa = PBXGroup;
			children = (
				C27043611BF381C9001F7CC1 /* SSChapterTableViewCell.h */,
				C27043621BF381CE001F7CC1 /* SSChapterTableViewCell.m */,
				C27043641BF381D5001F7CC1 /* SSChapterTableViewCell.xib */,
				C27043661BF381E4001F7CC1 /* SSDetailTableViewCell.h */,
				C27043671BF381ED001F7CC1 /* SSDetailTableViewCell.m */,
				C27043691BF381F2001F7CC1 /* SSDetailTableViewCell.xib */,
				299F6FE31BF2CF82009F228C /* Sign */,
				29E98B2D1BF4B4B2006F201B /* ZCCategoryCollectionViewCell.h */,
				29E98B2E1BF4B4B2006F201B /* ZCCategoryCollectionViewCell.m */,
				29E98B2F1BF4B4B2006F201B /* ZCCategoryCollectionViewCell.xib */,
			);
			path = Views;
			sourceTree = "<group>";
		};
		299F6FE41BF2CF82009F228C /* Helpers */ = {
			isa = PBXGroup;
			children = (
				299F6FE51BF2CF82009F228C /* Sign */,
				299F70161BF32340009F228C /* DataManager.h */,
				299F70171BF32340009F228C /* DataManager.m */,
			);
			path = Helpers;
			sourceTree = "<group>";
		};
		299F6FE61BF2CF82009F228C /* Macro */ = {
			isa = PBXGroup;
			children = (
				299F6FE71BF2CF82009F228C /* Sign */,
				299F70191BF32697009F228C /* URLs.h */,
			);
			path = Macro;
			sourceTree = "<group>";
		};
		299F6FE81BF2CF82009F228C /* Models */ = {
			isa = PBXGroup;
			children = (
				299F6FE91BF2CF82009F228C /* Sign */,
				299F6FFE1BF2E79D009F228C /* ComicSource.h */,
				299F6FFF1BF2E79D009F228C /* ComicSource.m */,
				299F70011BF2E982009F228C /* ScrollingImage.h */,
				299F70021BF2E982009F228C /* ScrollingImage.m */,
				299F70041BF2EBDA009F228C /* Comic.h */,
				299F70051BF2EBDA009F228C /* Comic.m */,
				299F70071BF2EE40009F228C /* ComicDetail.h */,
				299F70081BF2EE40009F228C /* ComicDetail.m */,
				299F700A1BF31BB0009F228C /* Chapter.h */,
				299F700B1BF31BB0009F228C /* Chapter.m */,
				299F700D1BF31F98009F228C /* Content.h */,
				299F700E1BF31F98009F228C /* Content.m */,
				299F70131BF321B5009F228C /* Categories.h */,
				299F70141BF321B5009F228C /* Categories.m */,
			);
			path = Models;
			sourceTree = "<group>";
		};
		299F6FEA1BF2CF82009F228C /* Resources */ = {
			isa = PBXGroup;
			children = (
				C27043571BF38174001F7CC1 /* arrow.png */,
				C27043551BF3816E001F7CC1 /* arrow1.png */,
				C27043531BF3816B001F7CC1 /* image_1.jpg */,
				299F6FEB1BF2CF83009F228C /* Sign */,
			);
			path = Resources;
			sourceTree = "<group>";
		};
		299F6FEC1BF2CF83009F228C /* Scenes */ = {
			isa = PBXGroup;
			children = (
				299F6FED1BF2CF83009F228C /* View */,
				299F6FEF1BF2CF83009F228C /* ViewController */,
			);
			path = Scenes;
			sourceTree = "<group>";
		};
		299F6FED1BF2CF83009F228C /* View */ = {
			isa = PBXGroup;
			children = (
				299F6FEE1BF2CF83009F228C /* Sign */,
			);
			path = View;
			sourceTree = "<group>";
		};
		299F6FEF1BF2CF83009F228C /* ViewController */ = {
			isa = PBXGroup;
			children = (
				299F6FF01BF2CF83009F228C /* Sign */,
				299F703D1BF3345D009F228C /* RootViewController.h */,
				299F703E1BF3345D009F228C /* RootViewController.m */,
				C27043591BF38197001F7CC1 /* SSChapterViewController.h */,
				C270435A1BF381A2001F7CC1 /* SSChapterViewController.m */,
				C270435C1BF381A8001F7CC1 /* SSDetailTableViewController.h */,
				C270435D1BF381AC001F7CC1 /* SSDetailTableViewController.m */,
				C270435F1BF381B6001F7CC1 /* SSDetail.storyboard */,
				29E98B2A1BF4B13F006F201B /* ZCCategoryViewController.h */,
				29E98B2B1BF4B13F006F201B /* ZCCategoryViewController.m */,
			);
			path = ViewController;
			sourceTree = "<group>";
		};
		299F6FF11BF2CF83009F228C /* Vendors */ = {
			isa = PBXGroup;
			children = (
				292BD32A1BF46CD20013559E /* SDWebImage */,
				299F701A1BF32E32009F228C /* MJExtension */,
				299F6FF21BF2CF83009F228C /* Sign */,
			);
			path = Vendors;
			sourceTree = "<group>";
		};
		299F701A1BF32E32009F228C /* MJExtension */ = {
			isa = PBXGroup;
			children = (
				299F701B1BF32E32009F228C /* MJDictionaryCache.h */,
				299F701C1BF32E32009F228C /* MJDictionaryCache.m */,
				299F701D1BF32E32009F228C /* MJExtension.h */,
				299F701E1BF32E32009F228C /* MJExtensionConst.h */,
				299F701F1BF32E32009F228C /* MJExtensionConst.m */,
				299F70201BF32E32009F228C /* MJFoundation.h */,
				299F70211BF32E32009F228C /* MJFoundation.m */,
				299F70221BF32E32009F228C /* MJProperty.h */,
				299F70231BF32E32009F228C /* MJProperty.m */,
				299F70241BF32E32009F228C /* MJPropertyKey.h */,
				299F70251BF32E32009F228C /* MJPropertyKey.m */,
				299F70261BF32E32009F228C /* MJPropertyType.h */,
				299F70271BF32E32009F228C /* MJPropertyType.m */,
				299F70281BF32E32009F228C /* NSObject+MJClass.h */,
				299F70291BF32E32009F228C /* NSObject+MJClass.m */,
				299F702A1BF32E32009F228C /* NSObject+MJCoding.h */,
				299F702B1BF32E32009F228C /* NSObject+MJCoding.m */,
				299F702C1BF32E32009F228C /* NSObject+MJKeyValue.h */,
				299F702D1BF32E32009F228C /* NSObject+MJKeyValue.m */,
				299F702E1BF32E32009F228C /* NSObject+MJProperty.h */,
				299F702F1BF32E32009F228C /* NSObject+MJProperty.m */,
				299F70301BF32E32009F228C /* NSString+MJExtension.h */,
				299F70311BF32E32009F228C /* NSString+MJExtension.m */,
			);
			path = MJExtension;
			sourceTree = "<group>";
		};
		29CD4D9B1BF23EFD003EFA93 = {
			isa = PBXGroup;
			children = (
				29CD4DA61BF23EFD003EFA93 /* JellyComic */,
				29CD4DA51BF23EFD003EFA93 /* Products */,
			);
			sourceTree = "<group>";
		};
		29CD4DA51BF23EFD003EFA93 /* Products */ = {
			isa = PBXGroup;
			children = (
				29CD4DA41BF23EFD003EFA93 /* JellyComic.app */,
			);
			name = Products;
			sourceTree = "<group>";
		};
		29CD4DA61BF23EFD003EFA93 /* JellyComic */ = {
			isa = PBXGroup;
			children = (
				299F6FD91BF2CF82009F228C /* Classes */,
				29CD4DB01BF23EFD003EFA93 /* Main.storyboard */,
				299F70431BF3357C009F228C /* T1Storyboard.storyboard */,
				299F70451BF33587009F228C /* T2Storyboard.storyboard */,
				29E98B251BF4B06C006F201B /* ZCCategory.storyboard */,
				299F70491BF33595009F228C /* T4Storyboard.storyboard */,
				29CD4DB31BF23EFD003EFA93 /* Assets.xcassets */,
				29CD4DB51BF23EFD003EFA93 /* LaunchScreen.storyboard */,
				29CD4DB81BF23EFD003EFA93 /* Info.plist */,
				29CD4DA71BF23EFD003EFA93 /* Supporting Files */,
			);
			path = JellyComic;
			sourceTree = "<group>";
		};
		29CD4DA71BF23EFD003EFA93 /* Supporting Files */ = {
			isa = PBXGroup;
			children = (
				29CD4DA81BF23EFD003EFA93 /* main.m */,
			);
			name = "Supporting Files";
			sourceTree = "<group>";
		};
/* End PBXGroup section */

/* Begin PBXNativeTarget section */
		29CD4DA31BF23EFD003EFA93 /* JellyComic */ = {
			isa = PBXNativeTarget;
			buildConfigurationList = 29CD4DBB1BF23EFD003EFA93 /* Build configuration list for PBXNativeTarget "JellyComic" */;
			buildPhases = (
				29CD4DA01BF23EFD003EFA93 /* Sources */,
				29CD4DA11BF23EFD003EFA93 /* Frameworks */,
				29CD4DA21BF23EFD003EFA93 /* Resources */,
			);
			buildRules = (
			);
			dependencies = (
			);
			name = JellyComic;
			productName = JellyComic;
			productReference = 29CD4DA41BF23EFD003EFA93 /* JellyComic.app */;
			productType = "com.apple.product-type.application";
		};
/* End PBXNativeTarget section */

/* Begin PBXProject section */
		29CD4D9C1BF23EFD003EFA93 /* Project object */ = {
			isa = PBXProject;
			attributes = {
				LastUpgradeCheck = 0710;
				ORGANIZATIONNAME = "胡智超";
				TargetAttributes = {
					29CD4DA31BF23EFD003EFA93 = {
						CreatedOnToolsVersion = 7.1;
					};
				};
			};
			buildConfigurationList = 29CD4D9F1BF23EFD003EFA93 /* Build configuration list for PBXProject "JellyComic" */;
			compatibilityVersion = "Xcode 3.2";
			developmentRegion = English;
			hasScannedForEncodings = 0;
			knownRegions = (
				en,
				Base,
			);
			mainGroup = 29CD4D9B1BF23EFD003EFA93;
			productRefGroup = 29CD4DA51BF23EFD003EFA93 /* Products */;
			projectDirPath = "";
			projectRoot = "";
			targets = (
				29CD4DA31BF23EFD003EFA93 /* JellyComic */,
			);
		};
/* End PBXProject section */

/* Begin PBXResourcesBuildPhase section */
		29CD4DA21BF23EFD003EFA93 /* Resources */ = {
			isa = PBXResourcesBuildPhase;
			buildActionMask = 2147483647;
			files = (
				299F6FF51BF2CF83009F228C /* Sign in Resources */,
				299F6FFC1BF2CF83009F228C /* Sign in Resources */,
				299F6FF91BF2CF83009F228C /* Sign in Resources */,
				C27043581BF38174001F7CC1 /* arrow.png in Resources */,
				C27043601BF381B6001F7CC1 /* SSDetail.storyboard in Resources */,
				299F70461BF33587009F228C /* T2Storyboard.storyboard in Resources */,
				C27043561BF3816E001F7CC1 /* arrow1.png in Resources */,
				299F6FF61BF2CF83009F228C /* Sign in Resources */,
				29CD4DB71BF23EFD003EFA93 /* LaunchScreen.storyboard in Resources */,
				299F6FFB1BF2CF83009F228C /* Sign in Resources */,
				299F6FF41BF2CF83009F228C /* Sign in Resources */,
				299F6FFA1BF2CF83009F228C /* Sign in Resources */,
				C270436A1BF381F2001F7CC1 /* SSDetailTableViewCell.xib in Resources */,
				299F704A1BF33595009F228C /* T4Storyboard.storyboard in Resources */,
				299F6FFD1BF2CF83009F228C /* Sign in Resources */,
				29E98B261BF4B06C006F201B /* ZCCategory.storyboard in Resources */,
				C27043541BF3816B001F7CC1 /* image_1.jpg in Resources */,
				29CD4DB41BF23EFD003EFA93 /* Assets.xcassets in Resources */,
				299F6FF81BF2CF83009F228C /* Sign in Resources */,
				29CD4DB21BF23EFD003EFA93 /* Main.storyboard in Resources */,
				299F70441BF3357C009F228C /* T1Storyboard.storyboard in Resources */,
				299F6FF71BF2CF83009F228C /* Sign in Resources */,
				29E98B311BF4B4B2006F201B /* ZCCategoryCollectionViewCell.xib in Resources */,
				C27043651BF381D5001F7CC1 /* SSChapterTableViewCell.xib in Resources */,
			);
			runOnlyForDeploymentPostprocessing = 0;
		};
/* End PBXResourcesBuildPhase section */

/* Begin PBXSourcesBuildPhase section */
		29CD4DA01BF23EFD003EFA93 /* Sources */ = {
			isa = PBXSourcesBuildPhase;
			buildActionMask = 2147483647;
			files = (
				29E98B2C1BF4B13F006F201B /* ZCCategoryViewController.m in Sources */,
				292BD3521BF46CD20013559E /* SDWebImageDownloaderOperation.m in Sources */,
				292BD3581BF46CD20013559E /* UIImage+WebP.m in Sources */,
				292BD3541BF46CD20013559E /* SDWebImagePrefetcher.m in Sources */,
				299F70321BF32E32009F228C /* MJDictionaryCache.m in Sources */,
				292BD34E1BF46CD20013559E /* SDImageCache.m in Sources */,
				292BD3531BF46CD20013559E /* SDWebImageManager.m in Sources */,
				299F703A1BF32E32009F228C /* NSObject+MJKeyValue.m in Sources */,
				299F70091BF2EE40009F228C /* ComicDetail.m in Sources */,
				299F70181BF32340009F228C /* DataManager.m in Sources */,
				299F6FF31BF2CF83009F228C /* AppDelegate.m in Sources */,
				292BD35B1BF46CD20013559E /* UIView+WebCacheOperation.m in Sources */,
				299F70331BF32E32009F228C /* MJExtensionConst.m in Sources */,
				292BD34F1BF46CD20013559E /* SDWebImageCompat.m in Sources */,
				29CD4DA91BF23EFD003EFA93 /* main.m in Sources */,
				299F703B1BF32E32009F228C /* NSObject+MJProperty.m in Sources */,
				292BD3501BF46CD20013559E /* SDWebImageDecoder.m in Sources */,
				299F70381BF32E32009F228C /* NSObject+MJClass.m in Sources */,
				299F70001BF2E79D009F228C /* ComicSource.m in Sources */,
				299F70361BF32E32009F228C /* MJPropertyKey.m in Sources */,
				292BD3591BF46CD20013559E /* UIImageView+HighlightedWebCache.m in Sources */,
				299F70341BF32E32009F228C /* MJFoundation.m in Sources */,
				299F70371BF32E32009F228C /* MJPropertyType.m in Sources */,
				299F70151BF321B5009F228C /* Categories.m in Sources */,
				299F70351BF32E32009F228C /* MJProperty.m in Sources */,
				299F70031BF2E982009F228C /* ScrollingImage.m in Sources */,
				292BD3571BF46CD20013559E /* UIImage+MultiFormat.m in Sources */,
				C270435E1BF381AC001F7CC1 /* SSDetailTableViewController.m in Sources */,
				292BD34C1BF46CD20013559E /* MKAnnotationView+WebCache.m in Sources */,
				292BD34D1BF46CD20013559E /* NSData+ImageContentType.m in Sources */,
				292BD3551BF46CD20013559E /* UIButton+WebCache.m in Sources */,
				292BD35A1BF46CD20013559E /* UIImageView+WebCache.m in Sources */,
				299F70391BF32E32009F228C /* NSObject+MJCoding.m in Sources */,
				C270435B1BF381A2001F7CC1 /* SSChapterViewController.m in Sources */,
				292BD3561BF46CD20013559E /* UIImage+GIF.m in Sources */,
				292BD3511BF46CD20013559E /* SDWebImageDownloader.m in Sources */,
				299F703C1BF32E32009F228C /* NSString+MJExtension.m in Sources */,
				299F703F1BF3345D009F228C /* RootViewController.m in Sources */,
				299F700C1BF31BB0009F228C /* Chapter.m in Sources */,
				299F70061BF2EBDA009F228C /* Comic.m in Sources */,
				C27043631BF381CE001F7CC1 /* SSChapterTableViewCell.m in Sources */,
				C27043681BF381ED001F7CC1 /* SSDetailTableViewCell.m in Sources */,
				299F700F1BF31F98009F228C /* Content.m in Sources */,
				29E98B301BF4B4B2006F201B /* ZCCategoryCollectionViewCell.m in Sources */,
			);
			runOnlyForDeploymentPostprocessing = 0;
		};
/* End PBXSourcesBuildPhase section */

/* Begin PBXVariantGroup section */
		29CD4DB01BF23EFD003EFA93 /* Main.storyboard */ = {
			isa = PBXVariantGroup;
			children = (
				29CD4DB11BF23EFD003EFA93 /* Base */,
			);
			name = Main.storyboard;
			sourceTree = "<group>";
		};
		29CD4DB51BF23EFD003EFA93 /* LaunchScreen.storyboard */ = {
			isa = PBXVariantGroup;
			children = (
				29CD4DB61BF23EFD003EFA93 /* Base */,
			);
			name = LaunchScreen.storyboard;
			sourceTree = "<group>";
		};
/* End PBXVariantGroup section */

/* Begin XCBuildConfiguration section */
		29CD4DB91BF23EFD003EFA93 /* Debug */ = {
			isa = XCBuildConfiguration;
			buildSettings = {
				ALWAYS_SEARCH_USER_PATHS = NO;
				CLANG_CXX_LANGUAGE_STANDARD = "gnu++0x";
				CLANG_CXX_LIBRARY = "libc++";
				CLANG_ENABLE_MODULES = YES;
				CLANG_ENABLE_OBJC_ARC = YES;
				CLANG_WARN_BOOL_CONVERSION = YES;
				CLANG_WARN_CONSTANT_CONVERSION = YES;
				CLANG_WARN_DIRECT_OBJC_ISA_USAGE = YES_ERROR;
				CLANG_WARN_EMPTY_BODY = YES;
				CLANG_WARN_ENUM_CONVERSION = YES;
				CLANG_WARN_INT_CONVERSION = YES;
				CLANG_WARN_OBJC_ROOT_CLASS = YES_ERROR;
				CLANG_WARN_UNREACHABLE_CODE = YES;
				CLANG_WARN__DUPLICATE_METHOD_MATCH = YES;
				"CODE_SIGN_IDENTITY[sdk=iphoneos*]" = "iPhone Developer";
				COPY_PHASE_STRIP = NO;
				DEBUG_INFORMATION_FORMAT = dwarf;
				ENABLE_STRICT_OBJC_MSGSEND = YES;
				ENABLE_TESTABILITY = YES;
				GCC_C_LANGUAGE_STANDARD = gnu99;
				GCC_DYNAMIC_NO_PIC = NO;
				GCC_NO_COMMON_BLOCKS = YES;
				GCC_OPTIMIZATION_LEVEL = 0;
				GCC_PREPROCESSOR_DEFINITIONS = (
					"DEBUG=1",
					"$(inherited)",
				);
				GCC_WARN_64_TO_32_BIT_CONVERSION = YES;
				GCC_WARN_ABOUT_RETURN_TYPE = YES_ERROR;
				GCC_WARN_UNDECLARED_SELECTOR = YES;
				GCC_WARN_UNINITIALIZED_AUTOS = YES_AGGRESSIVE;
				GCC_WARN_UNUSED_FUNCTION = YES;
				GCC_WARN_UNUSED_VARIABLE = YES;
				IPHONEOS_DEPLOYMENT_TARGET = 9.0;
				MTL_ENABLE_DEBUG_INFO = YES;
				ONLY_ACTIVE_ARCH = YES;
				SDKROOT = iphoneos;
				TARGETED_DEVICE_FAMILY = "1,2";
			};
			name = Debug;
		};
		29CD4DBA1BF23EFD003EFA93 /* Release */ = {
			isa = XCBuildConfiguration;
			buildSettings = {
				ALWAYS_SEARCH_USER_PATHS = NO;
				CLANG_CXX_LANGUAGE_STANDARD = "gnu++0x";
				CLANG_CXX_LIBRARY = "libc++";
				CLANG_ENABLE_MODULES = YES;
				CLANG_ENABLE_OBJC_ARC = YES;
				CLANG_WARN_BOOL_CONVERSION = YES;
				CLANG_WARN_CONSTANT_CONVERSION = YES;
				CLANG_WARN_DIRECT_OBJC_ISA_USAGE = YES_ERROR;
				CLANG_WARN_EMPTY_BODY = YES;
				CLANG_WARN_ENUM_CONVERSION = YES;
				CLANG_WARN_INT_CONVERSION = YES;
				CLANG_WARN_OBJC_ROOT_CLASS = YES_ERROR;
				CLANG_WARN_UNREACHABLE_CODE = YES;
				CLANG_WARN__DUPLICATE_METHOD_MATCH = YES;
				"CODE_SIGN_IDENTITY[sdk=iphoneos*]" = "iPhone Developer";
				COPY_PHASE_STRIP = NO;
				DEBUG_INFORMATION_FORMAT = "dwarf-with-dsym";
				ENABLE_NS_ASSERTIONS = NO;
				ENABLE_STRICT_OBJC_MSGSEND = YES;
				GCC_C_LANGUAGE_STANDARD = gnu99;
				GCC_NO_COMMON_BLOCKS = YES;
				GCC_WARN_64_TO_32_BIT_CONVERSION = YES;
				GCC_WARN_ABOUT_RETURN_TYPE = YES_ERROR;
				GCC_WARN_UNDECLARED_SELECTOR = YES;
				GCC_WARN_UNINITIALIZED_AUTOS = YES_AGGRESSIVE;
				GCC_WARN_UNUSED_FUNCTION = YES;
				GCC_WARN_UNUSED_VARIABLE = YES;
				IPHONEOS_DEPLOYMENT_TARGET = 9.0;
				MTL_ENABLE_DEBUG_INFO = NO;
				SDKROOT = iphoneos;
				TARGETED_DEVICE_FAMILY = "1,2";
				VALIDATE_PRODUCT = YES;
			};
			name = Release;
		};
		29CD4DBC1BF23EFD003EFA93 /* Debug */ = {
			isa = XCBuildConfiguration;
			buildSettings = {
				ASSETCATALOG_COMPILER_APPICON_NAME = AppIcon;
				INFOPLIST_FILE = JellyComic/Info.plist;
				LD_RUNPATH_SEARCH_PATHS = "$(inherited) @executable_path/Frameworks";
				PRODUCT_BUNDLE_IDENTIFIER = com.lanou3g.JellyComic;
				PRODUCT_NAME = "$(TARGET_NAME)";
			};
			name = Debug;
		};
		29CD4DBD1BF23EFD003EFA93 /* Release */ = {
			isa = XCBuildConfiguration;
			buildSettings = {
				ASSETCATALOG_COMPILER_APPICON_NAME = AppIcon;
				INFOPLIST_FILE = JellyComic/Info.plist;
				LD_RUNPATH_SEARCH_PATHS = "$(inherited) @executable_path/Frameworks";
				PRODUCT_BUNDLE_IDENTIFIER = com.lanou3g.JellyComic;
				PRODUCT_NAME = "$(TARGET_NAME)";
			};
			name = Release;
		};
/* End XCBuildConfiguration section */

/* Begin XCConfigurationList section */
		29CD4D9F1BF23EFD003EFA93 /* Build configuration list for PBXProject "JellyComic" */ = {
			isa = XCConfigurationList;
			buildConfigurations = (
				29CD4DB91BF23EFD003EFA93 /* Debug */,
				29CD4DBA1BF23EFD003EFA93 /* Release */,
			);
			defaultConfigurationIsVisible = 0;
			defaultConfigurationName = Release;
		};
		29CD4DBB1BF23EFD003EFA93 /* Build configuration list for PBXNativeTarget "JellyComic" */ = {
			isa = XCConfigurationList;
			buildConfigurations = (
				29CD4DBC1BF23EFD003EFA93 /* Debug */,
				29CD4DBD1BF23EFD003EFA93 /* Release */,
			);
			defaultConfigurationIsVisible = 0;
			defaultConfigurationName = Release;
		};
/* End XCConfigurationList section */
	};
	rootObject = 29CD4D9C1BF23EFD003EFA93 /* Project object */;
}
